
Microsoft Visual Studio Solution File, Format Version 12.00
# Visual Studio Version 17
VisualStudioVersion = 17.0.31903.59
MinimumVisualStudioVersion = 10.0.40219.1
Project("{2150E333-8FDC-42A3-9474-1A3956D46DE8}") = "src", "src", "{827E0CD3-B72D-47B6-A68D-7590B98EB39B}"
EndProject
Project("{2150E333-8FDC-42A3-9474-1A3956D46DE8}") = "Contracts", "Contracts", "{FFBE31B8-50B9-B415-22BC-2F92C97CADA3}"
EndProject
Project("{FAE04EC0-301F-11D3-BF4B-00C04F79EFBC}") = "AspireLearning.Contracts", "src\Contracts\AspireLearning.Contracts.csproj", "{D80BDFD2-33CB-4244-BAEA-3E420539495D}"
EndProject
Project("{FAE04EC0-301F-11D3-BF4B-00C04F79EFBC}") = "AspireLearning.Repository", "src\Repository\AspireLearning.Repository.csproj", "{5EB7CF6F-AE5E-41AE-99A0-3FBEB025DF79}"
EndProject
Project("{FAE04EC0-301F-11D3-BF4B-00C04F79EFBC}") = "AspireLearning.CatalogApi", "src\CatalogApi\AspireLearning.CatalogApi.csproj", "{08C81E88-90BB-411B-A871-35DC0D14B154}"
EndProject
Project("{FAE04EC0-301F-11D3-BF4B-00C04F79EFBC}") = "AspireLearning.OrderApi", "src\OrderApi\AspireLearning.OrderApi.csproj", "{4CB2CE29-BBFE-4D25-95B5-C03B0EF582AD}"
EndProject
Project("{FAE04EC0-301F-11D3-BF4B-00C04F79EFBC}") = "AspireLearning.WebPortal", "src\WebPortal\AspireLearning.WebPortal.csproj", "{B97521C4-B19D-487C-B29C-FB91B87CB6D4}"
EndProject
Project("{FAE04EC0-301F-11D3-BF4B-00C04F79EFBC}") = "AspireLearning.InvoiceConsumer", "src\InvoiceConsumer\AspireLearning.InvoiceConsumer.csproj", "{39D4B79F-8AC6-4ADC-B4D0-DBA2B78C8248}"
EndProject
Project("{FAE04EC0-301F-11D3-BF4B-00C04F79EFBC}") = "AspireLearning.VendorResupplyConsumer", "src\VendorResupplyConsumer\AspireLearning.VendorResupplyConsumer.csproj", "{28B62E6C-3CE7-4B1A-9234-A3BD393C2230}"
EndProject
Project("{FAE04EC0-301F-11D3-BF4B-00C04F79EFBC}") = "AspireLearning.ReplenishmentConsumer", "src\ReplenishmentConsumer\AspireLearning.ReplenishmentConsumer.csproj", "{AB543547-D7F4-4C56-89C5-9F2EA53C6C5F}"
EndProject
Project("{FAE04EC0-301F-11D3-BF4B-00C04F79EFBC}") = "AspireLearning.OrderProcessor", "src\OrderProcessor\AspireLearning.OrderProcessor.csproj", "{98C6446E-5433-4E8D-9819-D0C816BEB3DB}"
EndProject
Global
	GlobalSection(SolutionConfigurationPlatforms) = preSolution
		Debug|Any CPU = Debug|Any CPU
		Debug|x64 = Debug|x64
		Debug|x86 = Debug|x86
		Release|Any CPU = Release|Any CPU
		Release|x64 = Release|x64
		Release|x86 = Release|x86
	EndGlobalSection
	GlobalSection(ProjectConfigurationPlatforms) = postSolution
		{D80BDFD2-33CB-4244-BAEA-3E420539495D}.Debug|Any CPU.ActiveCfg = Debug|Any CPU
		{D80BDFD2-33CB-4244-BAEA-3E420539495D}.Debug|Any CPU.Build.0 = Debug|Any CPU
		{D80BDFD2-33CB-4244-BAEA-3E420539495D}.Debug|x64.ActiveCfg = Debug|Any CPU
		{D80BDFD2-33CB-4244-BAEA-3E420539495D}.Debug|x64.Build.0 = Debug|Any CPU
		{D80BDFD2-33CB-4244-BAEA-3E420539495D}.Debug|x86.ActiveCfg = Debug|Any CPU
		{D80BDFD2-33CB-4244-BAEA-3E420539495D}.Debug|x86.Build.0 = Debug|Any CPU
		{D80BDFD2-33CB-4244-BAEA-3E420539495D}.Release|Any CPU.ActiveCfg = Release|Any CPU
		{D80BDFD2-33CB-4244-BAEA-3E420539495D}.Release|Any CPU.Build.0 = Release|Any CPU
		{D80BDFD2-33CB-4244-BAEA-3E420539495D}.Release|x64.ActiveCfg = Release|Any CPU
		{D80BDFD2-33CB-4244-BAEA-3E420539495D}.Release|x64.Build.0 = Release|Any CPU
		{D80BDFD2-33CB-4244-BAEA-3E420539495D}.Release|x86.ActiveCfg = Release|Any CPU
		{D80BDFD2-33CB-4244-BAEA-3E420539495D}.Release|x86.Build.0 = Release|Any CPU
		{5EB7CF6F-AE5E-41AE-99A0-3FBEB025DF79}.Debug|Any CPU.ActiveCfg = Debug|Any CPU
		{5EB7CF6F-AE5E-41AE-99A0-3FBEB025DF79}.Debug|Any CPU.Build.0 = Debug|Any CPU
		{5EB7CF6F-AE5E-41AE-99A0-3FBEB025DF79}.Debug|x64.ActiveCfg = Debug|Any CPU
		{5EB7CF6F-AE5E-41AE-99A0-3FBEB025DF79}.Debug|x64.Build.0 = Debug|Any CPU
		{5EB7CF6F-AE5E-41AE-99A0-3FBEB025DF79}.Debug|x86.ActiveCfg = Debug|Any CPU
		{5EB7CF6F-AE5E-41AE-99A0-3FBEB025DF79}.Debug|x86.Build.0 = Debug|Any CPU
		{5EB7CF6F-AE5E-41AE-99A0-3FBEB025DF79}.Release|Any CPU.ActiveCfg = Release|Any CPU
		{5EB7CF6F-AE5E-41AE-99A0-3FBEB025DF79}.Release|Any CPU.Build.0 = Release|Any CPU
		{5EB7CF6F-AE5E-41AE-99A0-3FBEB025DF79}.Release|x64.ActiveCfg = Release|Any CPU
		{5EB7CF6F-AE5E-41AE-99A0-3FBEB025DF79}.Release|x64.Build.0 = Release|Any CPU
		{5EB7CF6F-AE5E-41AE-99A0-3FBEB025DF79}.Release|x86.ActiveCfg = Release|Any CPU
		{5EB7CF6F-AE5E-41AE-99A0-3FBEB025DF79}.Release|x86.Build.0 = Release|Any CPU
		{08C81E88-90BB-411B-A871-35DC0D14B154}.Debug|Any CPU.ActiveCfg = Debug|Any CPU
		{08C81E88-90BB-411B-A871-35DC0D14B154}.Debug|Any CPU.Build.0 = Debug|Any CPU
		{08C81E88-90BB-411B-A871-35DC0D14B154}.Debug|x64.ActiveCfg = Debug|Any CPU
		{08C81E88-90BB-411B-A871-35DC0D14B154}.Debug|x64.Build.0 = Debug|Any CPU
		{08C81E88-90BB-411B-A871-35DC0D14B154}.Debug|x86.ActiveCfg = Debug|Any CPU
		{08C81E88-90BB-411B-A871-35DC0D14B154}.Debug|x86.Build.0 = Debug|Any CPU
		{08C81E88-90BB-411B-A871-35DC0D14B154}.Release|Any CPU.ActiveCfg = Release|Any CPU
		{08C81E88-90BB-411B-A871-35DC0D14B154}.Release|Any CPU.Build.0 = Release|Any CPU
		{08C81E88-90BB-411B-A871-35DC0D14B154}.Release|x64.ActiveCfg = Release|Any CPU
		{08C81E88-90BB-411B-A871-35DC0D14B154}.Release|x64.Build.0 = Release|Any CPU
		{08C81E88-90BB-411B-A871-35DC0D14B154}.Release|x86.ActiveCfg = Release|Any CPU
		{08C81E88-90BB-411B-A871-35DC0D14B154}.Release|x86.Build.0 = Release|Any CPU
		{4CB2CE29-BBFE-4D25-95B5-C03B0EF582AD}.Debug|Any CPU.ActiveCfg = Debug|Any CPU
		{4CB2CE29-BBFE-4D25-95B5-C03B0EF582AD}.Debug|Any CPU.Build.0 = Debug|Any CPU
		{4CB2CE29-BBFE-4D25-95B5-C03B0EF582AD}.Debug|x64.ActiveCfg = Debug|Any CPU
		{4CB2CE29-BBFE-4D25-95B5-C03B0EF582AD}.Debug|x64.Build.0 = Debug|Any CPU
		{4CB2CE29-BBFE-4D25-95B5-C03B0EF582AD}.Debug|x86.ActiveCfg = Debug|Any CPU
		{4CB2CE29-BBFE-4D25-95B5-C03B0EF582AD}.Debug|x86.Build.0 = Debug|Any CPU
		{4CB2CE29-BBFE-4D25-95B5-C03B0EF582AD}.Release|Any CPU.ActiveCfg = Release|Any CPU
		{4CB2CE29-BBFE-4D25-95B5-C03B0EF582AD}.Release|Any CPU.Build.0 = Release|Any CPU
		{4CB2CE29-BBFE-4D25-95B5-C03B0EF582AD}.Release|x64.ActiveCfg = Release|Any CPU
		{4CB2CE29-BBFE-4D25-95B5-C03B0EF582AD}.Release|x64.Build.0 = Release|Any CPU
		{4CB2CE29-BBFE-4D25-95B5-C03B0EF582AD}.Release|x86.ActiveCfg = Release|Any CPU
		{4CB2CE29-BBFE-4D25-95B5-C03B0EF582AD}.Release|x86.Build.0 = Release|Any CPU
		{B97521C4-B19D-487C-B29C-FB91B87CB6D4}.Debug|Any CPU.ActiveCfg = Debug|Any CPU
		{B97521C4-B19D-487C-B29C-FB91B87CB6D4}.Debug|Any CPU.Build.0 = Debug|Any CPU
		{B97521C4-B19D-487C-B29C-FB91B87CB6D4}.Debug|x64.ActiveCfg = Debug|Any CPU
		{B97521C4-B19D-487C-B29C-FB91B87CB6D4}.Debug|x64.Build.0 = Debug|Any CPU
		{B97521C4-B19D-487C-B29C-FB91B87CB6D4}.Debug|x86.ActiveCfg = Debug|Any CPU
		{B97521C4-B19D-487C-B29C-FB91B87CB6D4}.Debug|x86.Build.0 = Debug|Any CPU
		{B97521C4-B19D-487C-B29C-FB91B87CB6D4}.Release|Any CPU.ActiveCfg = Release|Any CPU
		{B97521C4-B19D-487C-B29C-FB91B87CB6D4}.Release|Any CPU.Build.0 = Release|Any CPU
		{B97521C4-B19D-487C-B29C-FB91B87CB6D4}.Release|x64.ActiveCfg = Release|Any CPU
		{B97521C4-B19D-487C-B29C-FB91B87CB6D4}.Release|x64.Build.0 = Release|Any CPU
		{B97521C4-B19D-487C-B29C-FB91B87CB6D4}.Release|x86.ActiveCfg = Release|Any CPU
		{B97521C4-B19D-487C-B29C-FB91B87CB6D4}.Release|x86.Build.0 = Release|Any CPU
		{39D4B79F-8AC6-4ADC-B4D0-DBA2B78C8248}.Debug|Any CPU.ActiveCfg = Debug|Any CPU
		{39D4B79F-8AC6-4ADC-B4D0-DBA2B78C8248}.Debug|Any CPU.Build.0 = Debug|Any CPU
		{39D4B79F-8AC6-4ADC-B4D0-DBA2B78C8248}.Debug|x64.ActiveCfg = Debug|Any CPU
		{39D4B79F-8AC6-4ADC-B4D0-DBA2B78C8248}.Debug|x64.Build.0 = Debug|Any CPU
		{39D4B79F-8AC6-4ADC-B4D0-DBA2B78C8248}.Debug|x86.ActiveCfg = Debug|Any CPU
		{39D4B79F-8AC6-4ADC-B4D0-DBA2B78C8248}.Debug|x86.Build.0 = Debug|Any CPU
		{39D4B79F-8AC6-4ADC-B4D0-DBA2B78C8248}.Release|Any CPU.ActiveCfg = Release|Any CPU
		{39D4B79F-8AC6-4ADC-B4D0-DBA2B78C8248}.Release|Any CPU.Build.0 = Release|Any CPU
		{39D4B79F-8AC6-4ADC-B4D0-DBA2B78C8248}.Release|x64.ActiveCfg = Release|Any CPU
		{39D4B79F-8AC6-4ADC-B4D0-DBA2B78C8248}.Release|x64.Build.0 = Release|Any CPU
		{39D4B79F-8AC6-4ADC-B4D0-DBA2B78C8248}.Release|x86.ActiveCfg = Release|Any CPU
		{39D4B79F-8AC6-4ADC-B4D0-DBA2B78C8248}.Release|x86.Build.0 = Release|Any CPU
		{28B62E6C-3CE7-4B1A-9234-A3BD393C2230}.Debug|Any CPU.ActiveCfg = Debug|Any CPU
		{28B62E6C-3CE7-4B1A-9234-A3BD393C2230}.Debug|Any CPU.Build.0 = Debug|Any CPU
		{28B62E6C-3CE7-4B1A-9234-A3BD393C2230}.Debug|x64.ActiveCfg = Debug|Any CPU
		{28B62E6C-3CE7-4B1A-9234-A3BD393C2230}.Debug|x64.Build.0 = Debug|Any CPU
		{28B62E6C-3CE7-4B1A-9234-A3BD393C2230}.Debug|x86.ActiveCfg = Debug|Any CPU
		{28B62E6C-3CE7-4B1A-9234-A3BD393C2230}.Debug|x86.Build.0 = Debug|Any CPU
		{28B62E6C-3CE7-4B1A-9234-A3BD393C2230}.Release|Any CPU.ActiveCfg = Release|Any CPU
		{28B62E6C-3CE7-4B1A-9234-A3BD393C2230}.Release|Any CPU.Build.0 = Release|Any CPU
		{28B62E6C-3CE7-4B1A-9234-A3BD393C2230}.Release|x64.ActiveCfg = Release|Any CPU
		{28B62E6C-3CE7-4B1A-9234-A3BD393C2230}.Release|x64.Build.0 = Release|Any CPU
		{28B62E6C-3CE7-4B1A-9234-A3BD393C2230}.Release|x86.ActiveCfg = Release|Any CPU
		{28B62E6C-3CE7-4B1A-9234-A3BD393C2230}.Release|x86.Build.0 = Release|Any CPU
		{AB543547-D7F4-4C56-89C5-9F2EA53C6C5F}.Debug|Any CPU.ActiveCfg = Debug|Any CPU
		{AB543547-D7F4-4C56-89C5-9F2EA53C6C5F}.Debug|Any CPU.Build.0 = Debug|Any CPU
		{AB543547-D7F4-4C56-89C5-9F2EA53C6C5F}.Debug|x64.ActiveCfg = Debug|Any CPU
		{AB543547-D7F4-4C56-89C5-9F2EA53C6C5F}.Debug|x64.Build.0 = Debug|Any CPU
		{AB543547-D7F4-4C56-89C5-9F2EA53C6C5F}.Debug|x86.ActiveCfg = Debug|Any CPU
		{AB543547-D7F4-4C56-89C5-9F2EA53C6C5F}.Debug|x86.Build.0 = Debug|Any CPU
		{AB543547-D7F4-4C56-89C5-9F2EA53C6C5F}.Release|Any CPU.ActiveCfg = Release|Any CPU
		{AB543547-D7F4-4C56-89C5-9F2EA53C6C5F}.Release|Any CPU.Build.0 = Release|Any CPU
		{AB543547-D7F4-4C56-89C5-9F2EA53C6C5F}.Release|x64.ActiveCfg = Release|Any CPU
		{AB543547-D7F4-4C56-89C5-9F2EA53C6C5F}.Release|x64.Build.0 = Release|Any CPU
		{AB543547-D7F4-4C56-89C5-9F2EA53C6C5F}.Release|x86.ActiveCfg = Release|Any CPU
		{AB543547-D7F4-4C56-89C5-9F2EA53C6C5F}.Release|x86.Build.0 = Release|Any CPU
		{98C6446E-5433-4E8D-9819-D0C816BEB3DB}.Debug|Any CPU.ActiveCfg = Debug|Any CPU
		{98C6446E-5433-4E8D-9819-D0C816BEB3DB}.Debug|Any CPU.Build.0 = Debug|Any CPU
		{98C6446E-5433-4E8D-9819-D0C816BEB3DB}.Debug|x64.ActiveCfg = Debug|Any CPU
		{98C6446E-5433-4E8D-9819-D0C816BEB3DB}.Debug|x64.Build.0 = Debug|Any CPU
		{98C6446E-5433-4E8D-9819-D0C816BEB3DB}.Debug|x86.ActiveCfg = Debug|Any CPU
		{98C6446E-5433-4E8D-9819-D0C816BEB3DB}.Debug|x86.Build.0 = Debug|Any CPU
		{98C6446E-5433-4E8D-9819-D0C816BEB3DB}.Release|Any CPU.ActiveCfg = Release|Any CPU
		{98C6446E-5433-4E8D-9819-D0C816BEB3DB}.Release|Any CPU.Build.0 = Release|Any CPU
		{98C6446E-5433-4E8D-9819-D0C816BEB3DB}.Release|x64.ActiveCfg = Release|Any CPU
		{98C6446E-5433-4E8D-9819-D0C816BEB3DB}.Release|x64.Build.0 = Release|Any CPU
		{98C6446E-5433-4E8D-9819-D0C816BEB3DB}.Release|x86.ActiveCfg = Release|Any CPU
		{98C6446E-5433-4E8D-9819-D0C816BEB3DB}.Release|x86.Build.0 = Release|Any CPU
	EndGlobalSection
	GlobalSection(SolutionProperties) = preSolution
		HideSolutionNode = FALSE
	EndGlobalSection
	GlobalSection(NestedProjects) = preSolution
		{FFBE31B8-50B9-B415-22BC-2F92C97CADA3} = {827E0CD3-B72D-47B6-A68D-7590B98EB39B}
		{D80BDFD2-33CB-4244-BAEA-3E420539495D} = {FFBE31B8-50B9-B415-22BC-2F92C97CADA3}
		{5EB7CF6F-AE5E-41AE-99A0-3FBEB025DF79} = {FFBE31B8-50B9-B415-22BC-2F92C97CADA3}
		{08C81E88-90BB-411B-A871-35DC0D14B154} = {FFBE31B8-50B9-B415-22BC-2F92C97CADA3}
		{4CB2CE29-BBFE-4D25-95B5-C03B0EF582AD} = {FFBE31B8-50B9-B415-22BC-2F92C97CADA3}
		{B97521C4-B19D-487C-B29C-FB91B87CB6D4} = {FFBE31B8-50B9-B415-22BC-2F92C97CADA3}
		{39D4B79F-8AC6-4ADC-B4D0-DBA2B78C8248} = {FFBE31B8-50B9-B415-22BC-2F92C97CADA3}
		{28B62E6C-3CE7-4B1A-9234-A3BD393C2230} = {FFBE31B8-50B9-B415-22BC-2F92C97CADA3}
		{AB543547-D7F4-4C56-89C5-9F2EA53C6C5F} = {FFBE31B8-50B9-B415-22BC-2F92C97CADA3}
		{98C6446E-5433-4E8D-9819-D0C816BEB3DB} = {FFBE31B8-50B9-B415-22BC-2F92C97CADA3}
	EndGlobalSection
EndGlobal
